// !$*UTF8*$!
{
	archiveVersion = 1;
	classes = {
	};
	objectVersion = 46;
	objects = {

/* Begin PBXBuildFile section */
		A7C70AFFECC05524A7A413DA /* libPods-FlickAPS.a in Frameworks */ = {isa = PBXBuildFile; fileRef = 79733C9AA92CD9CE90C8E18A /* libPods-FlickAPS.a */; };
		B80C5DBD1E6EDE4B00210750 /* FAPSTagsObject.m in Sources */ = {isa = PBXBuildFile; fileRef = B80C5DBC1E6EDE4B00210750 /* FAPSTagsObject.m */; };
		B80C5DC01E6EE37C00210750 /* FAPSHotTagObject.m in Sources */ = {isa = PBXBuildFile; fileRef = B80C5DBF1E6EE37C00210750 /* FAPSHotTagObject.m */; };
		B84A59531E6E0BCF0092E7F5 /* FAPSCollectionCell.m in Sources */ = {isa = PBXBuildFile; fileRef = B84A59521E6E0BCF0092E7F5 /* FAPSCollectionCell.m */; };
		B84A59591E6E0F890092E7F5 /* libMantle.a in Frameworks */ = {isa = PBXBuildFile; fileRef = B84A59541E6E0F890092E7F5 /* libMantle.a */; };
		B84A595A1E6E0F890092E7F5 /* libOvercoat.a in Frameworks */ = {isa = PBXBuildFile; fileRef = B84A59551E6E0F890092E7F5 /* libOvercoat.a */; };
		B84A595B1E6E0F890092E7F5 /* libPureLayout.a in Frameworks */ = {isa = PBXBuildFile; fileRef = B84A59561E6E0F890092E7F5 /* libPureLayout.a */; };
		B84A595C1E6E0F890092E7F5 /* libReachability.a in Frameworks */ = {isa = PBXBuildFile; fileRef = B84A59571E6E0F890092E7F5 /* libReachability.a */; };
		B84A595D1E6E0F890092E7F5 /* libSDWebImage.a in Frameworks */ = {isa = PBXBuildFile; fileRef = B84A59581E6E0F890092E7F5 /* libSDWebImage.a */; };
		B856A4DE1E6359270070AB4D /* main.m in Sources */ = {isa = PBXBuildFile; fileRef = B856A4DD1E6359270070AB4D /* main.m */; };
		B856A4E11E6359270070AB4D /* AppDelegate.m in Sources */ = {isa = PBXBuildFile; fileRef = B856A4E01E6359270070AB4D /* AppDelegate.m */; };
		B856A4E41E6359270070AB4D /* FAPSBaseViewController.m in Sources */ = {isa = PBXBuildFile; fileRef = B856A4E31E6359270070AB4D /* FAPSBaseViewController.m */; };
		B856A4E71E6359270070AB4D /* Main.storyboard in Resources */ = {isa = PBXBuildFile; fileRef = B856A4E51E6359270070AB4D /* Main.storyboard */; };
		B856A4E91E6359270070AB4D /* Assets.xcassets in Resources */ = {isa = PBXBuildFile; fileRef = B856A4E81E6359270070AB4D /* Assets.xcassets */; };
		B856A4EC1E6359270070AB4D /* LaunchScreen.storyboard in Resources */ = {isa = PBXBuildFile; fileRef = B856A4EA1E6359270070AB4D /* LaunchScreen.storyboard */; };
		B856A4F71E6359270070AB4D /* FlickAPSTests.m in Sources */ = {isa = PBXBuildFile; fileRef = B856A4F61E6359270070AB4D /* FlickAPSTests.m */; };
		B856A5021E6359270070AB4D /* FlickAPSUITests.m in Sources */ = {isa = PBXBuildFile; fileRef = B856A5011E6359270070AB4D /* FlickAPSUITests.m */; };
		B8A76C6F1E677A6C009E0609 /* FAPSPhotoObject.m in Sources */ = {isa = PBXBuildFile; fileRef = B8A76C6E1E677A6C009E0609 /* FAPSPhotoObject.m */; };
		B8A76C751E687149009E0609 /* FAPSFlickrUser.m in Sources */ = {isa = PBXBuildFile; fileRef = B8A76C741E687149009E0609 /* FAPSFlickrUser.m */; };
		B8F654641E656FE10084C5B2 /* libAFNetworking.a in Frameworks */ = {isa = PBXBuildFile; fileRef = B8F654631E656FE10084C5B2 /* libAFNetworking.a */; };
		B8F654671E6596B60084C5B2 /* FAPSSplashViewController.m in Sources */ = {isa = PBXBuildFile; fileRef = B8F654661E6596B60084C5B2 /* FAPSSplashViewController.m */; };
		B8F6546A1E6596DC0084C5B2 /* FAPSMainViewController.m in Sources */ = {isa = PBXBuildFile; fileRef = B8F654691E6596DC0084C5B2 /* FAPSMainViewController.m */; };
		B8F6546E1E65B0E80084C5B2 /* FAPSPublicPhoto.m in Sources */ = {isa = PBXBuildFile; fileRef = B8F6546D1E65B0E80084C5B2 /* FAPSPublicPhoto.m */; };
/* End PBXBuildFile section */

/* Begin PBXContainerItemProxy section */
		B856A4F31E6359270070AB4D /* PBXContainerItemProxy */ = {
			isa = PBXContainerItemProxy;
			containerPortal = B856A4D11E6359260070AB4D /* Project object */;
			proxyType = 1;
			remoteGlobalIDString = B856A4D81E6359260070AB4D;
			remoteInfo = FlickAPS;
		};
		B856A4FE1E6359270070AB4D /* PBXContainerItemProxy */ = {
			isa = PBXContainerItemProxy;
			containerPortal = B856A4D11E6359260070AB4D /* Project object */;
			proxyType = 1;
			remoteGlobalIDString = B856A4D81E6359260070AB4D;
			remoteInfo = FlickAPS;
		};
/* End PBXContainerItemProxy section */

/* Begin PBXFileReference section */
		79733C9AA92CD9CE90C8E18A /* libPods-FlickAPS.a */ = {isa = PBXFileReference; explicitFileType = archive.ar; includeInIndex = 0; path = "libPods-FlickAPS.a"; sourceTree = BUILT_PRODUCTS_DIR; };
		916FD8283FFF31848DFD6147 /* libPods-FlickAPSTests.a */ = {isa = PBXFileReference; explicitFileType = archive.ar; includeInIndex = 0; path = "libPods-FlickAPSTests.a"; sourceTree = BUILT_PRODUCTS_DIR; };
		B80C5DB31E6EA34A00210750 /* libFLAnimatedImage.a */ = {isa = PBXFileReference; lastKnownFileType = archive.ar; name = libFLAnimatedImage.a; path = "Pods/../build/Debug-iphoneos/FLAnimatedImage/libFLAnimatedImage.a"; sourceTree = "<group>"; };
		B80C5DB41E6EA34A00210750 /* libNYTPhotoViewer.a */ = {isa = PBXFileReference; lastKnownFileType = archive.ar; name = libNYTPhotoViewer.a; path = "Pods/../build/Debug-iphoneos/NYTPhotoViewer/libNYTPhotoViewer.a"; sourceTree = "<group>"; };
		B80C5DB71E6EACE000210750 /* libASBPlayerScrubbing.a */ = {isa = PBXFileReference; lastKnownFileType = archive.ar; name = libASBPlayerScrubbing.a; path = "Pods/../build/Debug-iphoneos/ASBPlayerScrubbing/libASBPlayerScrubbing.a"; sourceTree = "<group>"; };
		B80C5DB81E6EACE000210750 /* libASMediaFocusManager.a */ = {isa = PBXFileReference; lastKnownFileType = archive.ar; name = libASMediaFocusManager.a; path = "Pods/../build/Debug-iphoneos/ASMediaFocusManager/libASMediaFocusManager.a"; sourceTree = "<group>"; };
		B80C5DBB1E6EDE4B00210750 /* FAPSTagsObject.h */ = {isa = PBXFileReference; fileEncoding = 4; lastKnownFileType = sourcecode.c.h; path = FAPSTagsObject.h; sourceTree = "<group>"; };
		B80C5DBC1E6EDE4B00210750 /* FAPSTagsObject.m */ = {isa = PBXFileReference; fileEncoding = 4; lastKnownFileType = sourcecode.c.objc; path = FAPSTagsObject.m; sourceTree = "<group>"; };
		B80C5DBE1E6EE37C00210750 /* FAPSHotTagObject.h */ = {isa = PBXFileReference; fileEncoding = 4; lastKnownFileType = sourcecode.c.h; path = FAPSHotTagObject.h; sourceTree = "<group>"; };
		B80C5DBF1E6EE37C00210750 /* FAPSHotTagObject.m */ = {isa = PBXFileReference; fileEncoding = 4; lastKnownFileType = sourcecode.c.objc; path = FAPSHotTagObject.m; sourceTree = "<group>"; };
		B8451CE41E64546F00B3AE99 /* libAFNetworking.a */ = {isa = PBXFileReference; lastKnownFileType = archive.ar; name = libAFNetworking.a; path = "Pods/../build/Debug-iphoneos/AFNetworking/libAFNetworking.a"; sourceTree = "<group>"; };
		B8451CE61E64B41A00B3AE99 /* SystemConfiguration.framework */ = {isa = PBXFileReference; lastKnownFileType = wrapper.framework; name = SystemConfiguration.framework; path = System/Library/Frameworks/SystemConfiguration.framework; sourceTree = SDKROOT; };
		B8451CE81E64B42000B3AE99 /* CFNetwork.framework */ = {isa = PBXFileReference; lastKnownFileType = wrapper.framework; name = CFNetwork.framework; path = System/Library/Frameworks/CFNetwork.framework; sourceTree = SDKROOT; };
		B8451CEA1E64B5DD00B3AE99 /* libFlickrKit.a */ = {isa = PBXFileReference; lastKnownFileType = archive.ar; name = libFlickrKit.a; path = "Pods/../build/Debug-iphoneos/FlickrKit/libFlickrKit.a"; sourceTree = "<group>"; };
		B84A59511E6E0BCF0092E7F5 /* FAPSCollectionCell.h */ = {isa = PBXFileReference; fileEncoding = 4; lastKnownFileType = sourcecode.c.h; path = FAPSCollectionCell.h; sourceTree = "<group>"; };
		B84A59521E6E0BCF0092E7F5 /* FAPSCollectionCell.m */ = {isa = PBXFileReference; fileEncoding = 4; lastKnownFileType = sourcecode.c.objc; path = FAPSCollectionCell.m; sourceTree = "<group>"; };
		B84A59541E6E0F890092E7F5 /* libMantle.a */ = {isa = PBXFileReference; lastKnownFileType = archive.ar; name = libMantle.a; path = "../../../Library/Developer/Xcode/DerivedData/FlickAPS-ckvkxhinxxdyovecuiwoqwronucn/Build/Products/Debug-iphonesimulator/Mantle/libMantle.a"; sourceTree = "<group>"; };
		B84A59551E6E0F890092E7F5 /* libOvercoat.a */ = {isa = PBXFileReference; lastKnownFileType = archive.ar; name = libOvercoat.a; path = "../../../Library/Developer/Xcode/DerivedData/FlickAPS-ckvkxhinxxdyovecuiwoqwronucn/Build/Products/Debug-iphonesimulator/Overcoat/libOvercoat.a"; sourceTree = "<group>"; };
		B84A59561E6E0F890092E7F5 /* libPureLayout.a */ = {isa = PBXFileReference; lastKnownFileType = archive.ar; name = libPureLayout.a; path = "../../../Library/Developer/Xcode/DerivedData/FlickAPS-ckvkxhinxxdyovecuiwoqwronucn/Build/Products/Debug-iphonesimulator/PureLayout/libPureLayout.a"; sourceTree = "<group>"; };
		B84A59571E6E0F890092E7F5 /* libReachability.a */ = {isa = PBXFileReference; lastKnownFileType = archive.ar; name = libReachability.a; path = "../../../Library/Developer/Xcode/DerivedData/FlickAPS-ckvkxhinxxdyovecuiwoqwronucn/Build/Products/Debug-iphonesimulator/Reachability/libReachability.a"; sourceTree = "<group>"; };
		B84A59581E6E0F890092E7F5 /* libSDWebImage.a */ = {isa = PBXFileReference; lastKnownFileType = archive.ar; name = libSDWebImage.a; path = "Pods/../build/Debug-iphoneos/SDWebImage/libSDWebImage.a"; sourceTree = "<group>"; };
		B856A4D91E6359260070AB4D /* FlickAPS.app */ = {isa = PBXFileReference; explicitFileType = wrapper.application; includeInIndex = 0; path = FlickAPS.app; sourceTree = BUILT_PRODUCTS_DIR; };
		B856A4DD1E6359270070AB4D /* main.m */ = {isa = PBXFileReference; lastKnownFileType = sourcecode.c.objc; path = main.m; sourceTree = "<group>"; };
		B856A4DF1E6359270070AB4D /* AppDelegate.h */ = {isa = PBXFileReference; lastKnownFileType = sourcecode.c.h; path = AppDelegate.h; sourceTree = "<group>"; };
		B856A4E01E6359270070AB4D /* AppDelegate.m */ = {isa = PBXFileReference; lastKnownFileType = sourcecode.c.objc; path = AppDelegate.m; sourceTree = "<group>"; };
		B856A4E21E6359270070AB4D /* FAPSBaseViewController.h */ = {isa = PBXFileReference; lastKnownFileType = sourcecode.c.h; path = FAPSBaseViewController.h; sourceTree = "<group>"; };
		B856A4E31E6359270070AB4D /* FAPSBaseViewController.m */ = {isa = PBXFileReference; lastKnownFileType = sourcecode.c.objc; path = FAPSBaseViewController.m; sourceTree = "<group>"; };
		B856A4E61E6359270070AB4D /* Base */ = {isa = PBXFileReference; lastKnownFileType = file.storyboard; name = Base; path = Base.lproj/Main.storyboard; sourceTree = "<group>"; };
		B856A4E81E6359270070AB4D /* Assets.xcassets */ = {isa = PBXFileReference; lastKnownFileType = folder.assetcatalog; path = Assets.xcassets; sourceTree = "<group>"; };
		B856A4EB1E6359270070AB4D /* Base */ = {isa = PBXFileReference; lastKnownFileType = file.storyboard; name = Base; path = Base.lproj/LaunchScreen.storyboard; sourceTree = "<group>"; };
		B856A4ED1E6359270070AB4D /* Info.plist */ = {isa = PBXFileReference; lastKnownFileType = text.plist.xml; path = Info.plist; sourceTree = "<group>"; };
		B856A4F21E6359270070AB4D /* FlickAPSTests.xctest */ = {isa = PBXFileReference; explicitFileType = wrapper.cfbundle; includeInIndex = 0; path = FlickAPSTests.xctest; sourceTree = BUILT_PRODUCTS_DIR; };
		B856A4F61E6359270070AB4D /* FlickAPSTests.m */ = {isa = PBXFileReference; lastKnownFileType = sourcecode.c.objc; path = FlickAPSTests.m; sourceTree = "<group>"; };
		B856A4F81E6359270070AB4D /* Info.plist */ = {isa = PBXFileReference; lastKnownFileType = text.plist.xml; path = Info.plist; sourceTree = "<group>"; };
		B856A4FD1E6359270070AB4D /* FlickAPSUITests.xctest */ = {isa = PBXFileReference; explicitFileType = wrapper.cfbundle; includeInIndex = 0; path = FlickAPSUITests.xctest; sourceTree = BUILT_PRODUCTS_DIR; };
		B856A5011E6359270070AB4D /* FlickAPSUITests.m */ = {isa = PBXFileReference; lastKnownFileType = sourcecode.c.objc; path = FlickAPSUITests.m; sourceTree = "<group>"; };
		B856A5031E6359270070AB4D /* Info.plist */ = {isa = PBXFileReference; lastKnownFileType = text.plist.xml; path = Info.plist; sourceTree = "<group>"; };
		B87401AF1E6447B8006617D2 /* libobjectiveflickr.a */ = {isa = PBXFileReference; lastKnownFileType = archive.ar; name = libobjectiveflickr.a; path = "../../../Library/Developer/Xcode/DerivedData/FlickAPS-ckvkxhinxxdyovecuiwoqwronucn/Build/Products/Debug-iphonesimulator/objectiveflickr/libobjectiveflickr.a"; sourceTree = "<group>"; };
		B8A76C6D1E677A6C009E0609 /* FAPSPhotoObject.h */ = {isa = PBXFileReference; fileEncoding = 4; lastKnownFileType = sourcecode.c.h; path = FAPSPhotoObject.h; sourceTree = "<group>"; };
		B8A76C6E1E677A6C009E0609 /* FAPSPhotoObject.m */ = {isa = PBXFileReference; fileEncoding = 4; lastKnownFileType = sourcecode.c.objc; path = FAPSPhotoObject.m; sourceTree = "<group>"; };
		B8A76C731E687149009E0609 /* FAPSFlickrUser.h */ = {isa = PBXFileReference; fileEncoding = 4; lastKnownFileType = sourcecode.c.h; path = FAPSFlickrUser.h; sourceTree = "<group>"; };
		B8A76C741E687149009E0609 /* FAPSFlickrUser.m */ = {isa = PBXFileReference; fileEncoding = 4; lastKnownFileType = sourcecode.c.objc; path = FAPSFlickrUser.m; sourceTree = "<group>"; };
		B8F654611E6561AC0084C5B2 /* libobjectiveflickr.a */ = {isa = PBXFileReference; lastKnownFileType = archive.ar; name = libobjectiveflickr.a; path = "Pods/../build/Debug-iphoneos/objectiveflickr/libobjectiveflickr.a"; sourceTree = "<group>"; };
		B8F654631E656FE10084C5B2 /* libAFNetworking.a */ = {isa = PBXFileReference; lastKnownFileType = archive.ar; name = libAFNetworking.a; path = "Pods/../build/Debug-iphoneos/AFNetworking/libAFNetworking.a"; sourceTree = "<group>"; };
		B8F654651E6596B60084C5B2 /* FAPSSplashViewController.h */ = {isa = PBXFileReference; fileEncoding = 4; lastKnownFileType = sourcecode.c.h; path = FAPSSplashViewController.h; sourceTree = "<group>"; };
		B8F654661E6596B60084C5B2 /* FAPSSplashViewController.m */ = {isa = PBXFileReference; fileEncoding = 4; lastKnownFileType = sourcecode.c.objc; path = FAPSSplashViewController.m; sourceTree = "<group>"; };
		B8F654681E6596DC0084C5B2 /* FAPSMainViewController.h */ = {isa = PBXFileReference; fileEncoding = 4; lastKnownFileType = sourcecode.c.h; path = FAPSMainViewController.h; sourceTree = "<group>"; };
		B8F654691E6596DC0084C5B2 /* FAPSMainViewController.m */ = {isa = PBXFileReference; fileEncoding = 4; lastKnownFileType = sourcecode.c.objc; path = FAPSMainViewController.m; sourceTree = "<group>"; };
		B8F6546C1E65B0E80084C5B2 /* FAPSPublicPhoto.h */ = {isa = PBXFileReference; fileEncoding = 4; lastKnownFileType = sourcecode.c.h; path = FAPSPublicPhoto.h; sourceTree = "<group>"; };
		B8F6546D1E65B0E80084C5B2 /* FAPSPublicPhoto.m */ = {isa = PBXFileReference; fileEncoding = 4; lastKnownFileType = sourcecode.c.objc; path = FAPSPublicPhoto.m; sourceTree = "<group>"; };
		C4F0F9E49FBF97A041AE60C2 /* Pods-FlickAPS.debug.xcconfig */ = {isa = PBXFileReference; includeInIndex = 1; lastKnownFileType = text.xcconfig; name = "Pods-FlickAPS.debug.xcconfig"; path = "Pods/Target Support Files/Pods-FlickAPS/Pods-FlickAPS.debug.xcconfig"; sourceTree = "<group>"; };
		C5816A5D9456E62CC54330AC /* libPods-FlickAPSUITests.a */ = {isa = PBXFileReference; explicitFileType = archive.ar; includeInIndex = 0; path = "libPods-FlickAPSUITests.a"; sourceTree = BUILT_PRODUCTS_DIR; };
		C98AFA42036009B0DF4A83CD /* Pods-FlickAPS.release.xcconfig */ = {isa = PBXFileReference; includeInIndex = 1; lastKnownFileType = text.xcconfig; name = "Pods-FlickAPS.release.xcconfig"; path = "Pods/Target Support Files/Pods-FlickAPS/Pods-FlickAPS.release.xcconfig"; sourceTree = "<group>"; };
/* End PBXFileReference section */

/* Begin PBXFrameworksBuildPhase section */
		B856A4D61E6359260070AB4D /* Frameworks */ = {
			isa = PBXFrameworksBuildPhase;
			buildActionMask = 2147483647;
			files = (
				B84A59591E6E0F890092E7F5 /* libMantle.a in Frameworks */,
				B84A595A1E6E0F890092E7F5 /* libOvercoat.a in Frameworks */,
				B84A595B1E6E0F890092E7F5 /* libPureLayout.a in Frameworks */,
				B84A595C1E6E0F890092E7F5 /* libReachability.a in Frameworks */,
				B84A595D1E6E0F890092E7F5 /* libSDWebImage.a in Frameworks */,
				B8F654641E656FE10084C5B2 /* libAFNetworking.a in Frameworks */,
				A7C70AFFECC05524A7A413DA /* libPods-FlickAPS.a in Frameworks */,
			);
			runOnlyForDeploymentPostprocessing = 0;
		};
		B856A4EF1E6359270070AB4D /* Frameworks */ = {
			isa = PBXFrameworksBuildPhase;
			buildActionMask = 2147483647;
			files = (
			);
			runOnlyForDeploymentPostprocessing = 0;
		};
		B856A4FA1E6359270070AB4D /* Frameworks */ = {
			isa = PBXFrameworksBuildPhase;
			buildActionMask = 2147483647;
			files = (
			);
			runOnlyForDeploymentPostprocessing = 0;
		};
/* End PBXFrameworksBuildPhase section */

/* Begin PBXGroup section */
		5F37847128A01C5C5DCF09CA /* Pods */ = {
			isa = PBXGroup;
			children = (
				C4F0F9E49FBF97A041AE60C2 /* Pods-FlickAPS.debug.xcconfig */,
				C98AFA42036009B0DF4A83CD /* Pods-FlickAPS.release.xcconfig */,
			);
			name = Pods;
			sourceTree = "<group>";
		};
		B84A594D1E6DE99F0092E7F5 /* JSON Models */ = {
			isa = PBXGroup;
			children = (
				B8F6546C1E65B0E80084C5B2 /* FAPSPublicPhoto.h */,
				B8F6546D1E65B0E80084C5B2 /* FAPSPublicPhoto.m */,
				B8A76C731E687149009E0609 /* FAPSFlickrUser.h */,
				B8A76C741E687149009E0609 /* FAPSFlickrUser.m */,
				B80C5DBB1E6EDE4B00210750 /* FAPSTagsObject.h */,
				B80C5DBC1E6EDE4B00210750 /* FAPSTagsObject.m */,
				B80C5DBE1E6EE37C00210750 /* FAPSHotTagObject.h */,
				B80C5DBF1E6EE37C00210750 /* FAPSHotTagObject.m */,
			);
			name = "JSON Models";
			sourceTree = "<group>";
		};
		B856A4D01E6359260070AB4D = {
			isa = PBXGroup;
			children = (
				B856A4DB1E6359260070AB4D /* FlickAPS */,
				B856A4F51E6359270070AB4D /* FlickAPSTests */,
				B856A5001E6359270070AB4D /* FlickAPSUITests */,
				B856A4DA1E6359260070AB4D /* Products */,
				5F37847128A01C5C5DCF09CA /* Pods */,
				C997D1FA6A4E7EC107718FCC /* Frameworks */,
			);
			sourceTree = "<group>";
		};
		B856A4DA1E6359260070AB4D /* Products */ = {
			isa = PBXGroup;
			children = (
				B856A4D91E6359260070AB4D /* FlickAPS.app */,
				B856A4F21E6359270070AB4D /* FlickAPSTests.xctest */,
				B856A4FD1E6359270070AB4D /* FlickAPSUITests.xctest */,
			);
			name = Products;
			sourceTree = "<group>";
		};
		B856A4DB1E6359260070AB4D /* FlickAPS */ = {
			isa = PBXGroup;
			children = (
				B856A4DF1E6359270070AB4D /* AppDelegate.h */,
				B856A4E01E6359270070AB4D /* AppDelegate.m */,
				B8F654721E65B11D0084C5B2 /* Model */,
				B8F6546B1E6596E70084C5B2 /* View Controllers */,
				B856A4E51E6359270070AB4D /* Main.storyboard */,
				B856A4E81E6359270070AB4D /* Assets.xcassets */,
				B856A4EA1E6359270070AB4D /* LaunchScreen.storyboard */,
				B856A4ED1E6359270070AB4D /* Info.plist */,
				B856A4DC1E6359260070AB4D /* Supporting Files */,
			);
			path = FlickAPS;
			sourceTree = "<group>";
		};
		B856A4DC1E6359260070AB4D /* Supporting Files */ = {
			isa = PBXGroup;
			children = (
				B856A4DD1E6359270070AB4D /* main.m */,
			);
			name = "Supporting Files";
			sourceTree = "<group>";
		};
		B856A4F51E6359270070AB4D /* FlickAPSTests */ = {
			isa = PBXGroup;
			children = (
				B856A4F61E6359270070AB4D /* FlickAPSTests.m */,
				B856A4F81E6359270070AB4D /* Info.plist */,
			);
			path = FlickAPSTests;
			sourceTree = "<group>";
		};
		B856A5001E6359270070AB4D /* FlickAPSUITests */ = {
			isa = PBXGroup;
			children = (
				B856A5011E6359270070AB4D /* FlickAPSUITests.m */,
				B856A5031E6359270070AB4D /* Info.plist */,
			);
			path = FlickAPSUITests;
			sourceTree = "<group>";
		};
		B8F6546B1E6596E70084C5B2 /* View Controllers */ = {
			isa = PBXGroup;
			children = (
				B856A4E21E6359270070AB4D /* FAPSBaseViewController.h */,
				B856A4E31E6359270070AB4D /* FAPSBaseViewController.m */,
				B8F654651E6596B60084C5B2 /* FAPSSplashViewController.h */,
				B8F654661E6596B60084C5B2 /* FAPSSplashViewController.m */,
				B8F654681E6596DC0084C5B2 /* FAPSMainViewController.h */,
				B8F654691E6596DC0084C5B2 /* FAPSMainViewController.m */,
			);
			name = "View Controllers";
			sourceTree = "<group>";
		};
		B8F654721E65B11D0084C5B2 /* Model */ = {
			isa = PBXGroup;
			children = (
				B8A76C6D1E677A6C009E0609 /* FAPSPhotoObject.h */,
				B8A76C6E1E677A6C009E0609 /* FAPSPhotoObject.m */,
				B84A59511E6E0BCF0092E7F5 /* FAPSCollectionCell.h */,
				B84A59521E6E0BCF0092E7F5 /* FAPSCollectionCell.m */,
				B84A594D1E6DE99F0092E7F5 /* JSON Models */,
			);
			name = Model;
			sourceTree = "<group>";
		};
		C997D1FA6A4E7EC107718FCC /* Frameworks */ = {
			isa = PBXGroup;
			children = (
				B80C5DB71E6EACE000210750 /* libASBPlayerScrubbing.a */,
				B80C5DB81E6EACE000210750 /* libASMediaFocusManager.a */,
				B80C5DB31E6EA34A00210750 /* libFLAnimatedImage.a */,
				B80C5DB41E6EA34A00210750 /* libNYTPhotoViewer.a */,
				B84A59541E6E0F890092E7F5 /* libMantle.a */,
				B84A59551E6E0F890092E7F5 /* libOvercoat.a */,
				B84A59561E6E0F890092E7F5 /* libPureLayout.a */,
				B84A59571E6E0F890092E7F5 /* libReachability.a */,
				B84A59581E6E0F890092E7F5 /* libSDWebImage.a */,
				B8F654631E656FE10084C5B2 /* libAFNetworking.a */,
				B8F654611E6561AC0084C5B2 /* libobjectiveflickr.a */,
				B8451CEA1E64B5DD00B3AE99 /* libFlickrKit.a */,
				B8451CE81E64B42000B3AE99 /* CFNetwork.framework */,
				B8451CE61E64B41A00B3AE99 /* SystemConfiguration.framework */,
				B8451CE41E64546F00B3AE99 /* libAFNetworking.a */,
				B87401AF1E6447B8006617D2 /* libobjectiveflickr.a */,
				79733C9AA92CD9CE90C8E18A /* libPods-FlickAPS.a */,
				916FD8283FFF31848DFD6147 /* libPods-FlickAPSTests.a */,
				C5816A5D9456E62CC54330AC /* libPods-FlickAPSUITests.a */,
			);
			name = Frameworks;
			sourceTree = "<group>";
		};
/* End PBXGroup section */

/* Begin PBXNativeTarget section */
		B856A4D81E6359260070AB4D /* FlickAPS */ = {
			isa = PBXNativeTarget;
			buildConfigurationList = B856A5061E6359270070AB4D /* Build configuration list for PBXNativeTarget "FlickAPS" */;
			buildPhases = (
				57AB4A803DA31D601AA18661 /* [CP] Check Pods Manifest.lock */,
				B856A4D51E6359260070AB4D /* Sources */,
				B856A4D61E6359260070AB4D /* Frameworks */,
				B856A4D71E6359260070AB4D /* Resources */,
				ADCC976C2D3D03FEF5F1D00C /* [CP] Embed Pods Frameworks */,
				77876CBE50507CC329F4C7F6 /* [CP] Copy Pods Resources */,
			);
			buildRules = (
			);
			dependencies = (
			);
			name = FlickAPS;
			productName = FlickAPS;
			productReference = B856A4D91E6359260070AB4D /* FlickAPS.app */;
			productType = "com.apple.product-type.application";
		};
		B856A4F11E6359270070AB4D /* FlickAPSTests */ = {
			isa = PBXNativeTarget;
			buildConfigurationList = B856A5091E6359270070AB4D /* Build configuration list for PBXNativeTarget "FlickAPSTests" */;
			buildPhases = (
				B856A4EE1E6359270070AB4D /* Sources */,
				B856A4EF1E6359270070AB4D /* Frameworks */,
				B856A4F01E6359270070AB4D /* Resources */,
			);
			buildRules = (
			);
			dependencies = (
				B856A4F41E6359270070AB4D /* PBXTargetDependency */,
			);
			name = FlickAPSTests;
			productName = FlickAPSTests;
			productReference = B856A4F21E6359270070AB4D /* FlickAPSTests.xctest */;
			productType = "com.apple.product-type.bundle.unit-test";
		};
		B856A4FC1E6359270070AB4D /* FlickAPSUITests */ = {
			isa = PBXNativeTarget;
			buildConfigurationList = B856A50C1E6359270070AB4D /* Build configuration list for PBXNativeTarget "FlickAPSUITests" */;
			buildPhases = (
				B856A4F91E6359270070AB4D /* Sources */,
				B856A4FA1E6359270070AB4D /* Frameworks */,
				B856A4FB1E6359270070AB4D /* Resources */,
			);
			buildRules = (
			);
			dependencies = (
				B856A4FF1E6359270070AB4D /* PBXTargetDependency */,
			);
			name = FlickAPSUITests;
			productName = FlickAPSUITests;
			productReference = B856A4FD1E6359270070AB4D /* FlickAPSUITests.xctest */;
			productType = "com.apple.product-type.bundle.ui-testing";
		};
/* End PBXNativeTarget section */

/* Begin PBXProject section */
		B856A4D11E6359260070AB4D /* Project object */ = {
			isa = PBXProject;
			attributes = {
				LastUpgradeCheck = 0820;
				ORGANIZATIONNAME = "Abdullah Sevim";
				TargetAttributes = {
					B856A4D81E6359260070AB4D = {
						CreatedOnToolsVersion = 8.2.1;
						ProvisioningStyle = Automatic;
					};
					B856A4F11E6359270070AB4D = {
						CreatedOnToolsVersion = 8.2.1;
						ProvisioningStyle = Automatic;
						TestTargetID = B856A4D81E6359260070AB4D;
					};
					B856A4FC1E6359270070AB4D = {
						CreatedOnToolsVersion = 8.2.1;
						ProvisioningStyle = Automatic;
						TestTargetID = B856A4D81E6359260070AB4D;
					};
				};
			};
			buildConfigurationList = B856A4D41E6359260070AB4D /* Build configuration list for PBXProject "FlickAPS" */;
			compatibilityVersion = "Xcode 3.2";
			developmentRegion = English;
			hasScannedForEncodings = 0;
			knownRegions = (
				en,
				Base,
			);
			mainGroup = B856A4D01E6359260070AB4D;
			productRefGroup = B856A4DA1E6359260070AB4D /* Products */;
			projectDirPath = "";
			projectRoot = "";
			targets = (
				B856A4D81E6359260070AB4D /* FlickAPS */,
				B856A4F11E6359270070AB4D /* FlickAPSTests */,
				B856A4FC1E6359270070AB4D /* FlickAPSUITests */,
			);
		};
/* End PBXProject section */

/* Begin PBXResourcesBuildPhase section */
		B856A4D71E6359260070AB4D /* Resources */ = {
			isa = PBXResourcesBuildPhase;
			buildActionMask = 2147483647;
			files = (
				B856A4EC1E6359270070AB4D /* LaunchScreen.storyboard in Resources */,
				B856A4E91E6359270070AB4D /* Assets.xcassets in Resources */,
				B856A4E71E6359270070AB4D /* Main.storyboard in Resources */,
			);
			runOnlyForDeploymentPostprocessing = 0;
		};
		B856A4F01E6359270070AB4D /* Resources */ = {
			isa = PBXResourcesBuildPhase;
			buildActionMask = 2147483647;
			files = (
			);
			runOnlyForDeploymentPostprocessing = 0;
		};
		B856A4FB1E6359270070AB4D /* Resources */ = {
			isa = PBXResourcesBuildPhase;
			buildActionMask = 2147483647;
			files = (
			);
			runOnlyForDeploymentPostprocessing = 0;
		};
/* End PBXResourcesBuildPhase section */

/* Begin PBXShellScriptBuildPhase section */
		57AB4A803DA31D601AA18661 /* [CP] Check Pods Manifest.lock */ = {
			isa = PBXShellScriptBuildPhase;
			buildActionMask = 2147483647;
			files = (
			);
			inputPaths = (
			);
			name = "[CP] Check Pods Manifest.lock";
			outputPaths = (
			);
			runOnlyForDeploymentPostprocessing = 0;
			shellPath = /bin/sh;
			shellScript = "diff \"${PODS_ROOT}/../Podfile.lock\" \"${PODS_ROOT}/Manifest.lock\" > /dev/null\nif [ $? != 0 ] ; then\n    # print error to STDERR\n    echo \"error: The sandbox is not in sync with the Podfile.lock. Run 'pod install' or update your CocoaPods installation.\" >&2\n    exit 1\nfi\n";
			showEnvVarsInLog = 0;
		};
		77876CBE50507CC329F4C7F6 /* [CP] Copy Pods Resources */ = {
			isa = PBXShellScriptBuildPhase;
			buildActionMask = 2147483647;
			files = (
			);
			inputPaths = (
			);
			name = "[CP] Copy Pods Resources";
			outputPaths = (
			);
			runOnlyForDeploymentPostprocessing = 0;
			shellPath = /bin/sh;
			shellScript = "\"${SRCROOT}/Pods/Target Support Files/Pods-FlickAPS/Pods-FlickAPS-resources.sh\"\n";
			showEnvVarsInLog = 0;
		};
		ADCC976C2D3D03FEF5F1D00C /* [CP] Embed Pods Frameworks */ = {
			isa = PBXShellScriptBuildPhase;
			buildActionMask = 2147483647;
			files = (
			);
			inputPaths = (
			);
			name = "[CP] Embed Pods Frameworks";
			outputPaths = (
			);
			runOnlyForDeploymentPostprocessing = 0;
			shellPath = /bin/sh;
			shellScript = "\"${SRCROOT}/Pods/Target Support Files/Pods-FlickAPS/Pods-FlickAPS-frameworks.sh\"\n";
			showEnvVarsInLog = 0;
		};
/* End PBXShellScriptBuildPhase section */

/* Begin PBXSourcesBuildPhase section */
		B856A4D51E6359260070AB4D /* Sources */ = {
			isa = PBXSourcesBuildPhase;
			buildActionMask = 2147483647;
			files = (
				B8F6546A1E6596DC0084C5B2 /* FAPSMainViewController.m in Sources */,
				B856A4E41E6359270070AB4D /* FAPSBaseViewController.m in Sources */,
				B8A76C6F1E677A6C009E0609 /* FAPSPhotoObject.m in Sources */,
				B84A59531E6E0BCF0092E7F5 /* FAPSCollectionCell.m in Sources */,
				B8A76C751E687149009E0609 /* FAPSFlickrUser.m in Sources */,
				B80C5DBD1E6EDE4B00210750 /* FAPSTagsObject.m in Sources */,
				B8F654671E6596B60084C5B2 /* FAPSSplashViewController.m in Sources */,
				B856A4E11E6359270070AB4D /* AppDelegate.m in Sources */,
				B80C5DC01E6EE37C00210750 /* FAPSHotTagObject.m in Sources */,
				B856A4DE1E6359270070AB4D /* main.m in Sources */,
				B8F6546E1E65B0E80084C5B2 /* FAPSPublicPhoto.m in Sources */,
			);
			runOnlyForDeploymentPostprocessing = 0;
		};
		B856A4EE1E6359270070AB4D /* Sources */ = {
			isa = PBXSourcesBuildPhase;
			buildActionMask = 2147483647;
			files = (
				B856A4F71E6359270070AB4D /* FlickAPSTests.m in Sources */,
			);
			runOnlyForDeploymentPostprocessing = 0;
		};
		B856A4F91E6359270070AB4D /* Sources */ = {
			isa = PBXSourcesBuildPhase;
			buildActionMask = 2147483647;
			files = (
				B856A5021E6359270070AB4D /* FlickAPSUITests.m in Sources */,
			);
			runOnlyForDeploymentPostprocessing = 0;
		};
/* End PBXSourcesBuildPhase section */

/* Begin PBXTargetDependency section */
		B856A4F41E6359270070AB4D /* PBXTargetDependency */ = {
			isa = PBXTargetDependency;
			target = B856A4D81E6359260070AB4D /* FlickAPS */;
			targetProxy = B856A4F31E6359270070AB4D /* PBXContainerItemProxy */;
		};
		B856A4FF1E6359270070AB4D /* PBXTargetDependency */ = {
			isa = PBXTargetDependency;
			target = B856A4D81E6359260070AB4D /* FlickAPS */;
			targetProxy = B856A4FE1E6359270070AB4D /* PBXContainerItemProxy */;
		};
/* End PBXTargetDependency section */

/* Begin PBXVariantGroup section */
		B856A4E51E6359270070AB4D /* Main.storyboard */ = {
			isa = PBXVariantGroup;
			children = (
				B856A4E61E6359270070AB4D /* Base */,
			);
			name = Main.storyboard;
			sourceTree = "<group>";
		};
		B856A4EA1E6359270070AB4D /* LaunchScreen.storyboard */ = {
			isa = PBXVariantGroup;
			children = (
				B856A4EB1E6359270070AB4D /* Base */,
			);
			name = LaunchScreen.storyboard;
			sourceTree = "<group>";
		};
/* End PBXVariantGroup section */

/* Begin XCBuildConfiguration section */
		B856A5041E6359270070AB4D /* Debug */ = {
			isa = XCBuildConfiguration;
			buildSettings = {
				ALWAYS_SEARCH_USER_PATHS = NO;
				CLANG_ANALYZER_NONNULL = YES;
				CLANG_CXX_LANGUAGE_STANDARD = "gnu++0x";
				CLANG_CXX_LIBRARY = "libc++";
				CLANG_ENABLE_MODULES = YES;
				CLANG_ENABLE_OBJC_ARC = YES;
				CLANG_WARN_BOOL_CONVERSION = YES;
				CLANG_WARN_CONSTANT_CONVERSION = YES;
				CLANG_WARN_DIRECT_OBJC_ISA_USAGE = YES_ERROR;
				CLANG_WARN_DOCUMENTATION_COMMENTS = YES;
				CLANG_WARN_EMPTY_BODY = YES;
				CLANG_WARN_ENUM_CONVERSION = YES;
				CLANG_WARN_INFINITE_RECURSION = YES;
				CLANG_WARN_INT_CONVERSION = YES;
				CLANG_WARN_OBJC_ROOT_CLASS = YES_ERROR;
				CLANG_WARN_SUSPICIOUS_MOVE = YES;
				CLANG_WARN_UNREACHABLE_CODE = YES;
				CLANG_WARN__DUPLICATE_METHOD_MATCH = YES;
				"CODE_SIGN_IDENTITY[sdk=iphoneos*]" = "iPhone Developer";
				COPY_PHASE_STRIP = NO;
				DEBUG_INFORMATION_FORMAT = dwarf;
				ENABLE_STRICT_OBJC_MSGSEND = YES;
				ENABLE_TESTABILITY = YES;
				GCC_C_LANGUAGE_STANDARD = gnu99;
				GCC_DYNAMIC_NO_PIC = NO;
				GCC_NO_COMMON_BLOCKS = YES;
				GCC_OPTIMIZATION_LEVEL = 0;
				GCC_PREPROCESSOR_DEFINITIONS = (
					"DEBUG=1",
					"$(inherited)",
				);
				GCC_WARN_64_TO_32_BIT_CONVERSION = YES;
				GCC_WARN_ABOUT_RETURN_TYPE = YES_ERROR;
				GCC_WARN_UNDECLARED_SELECTOR = YES;
				GCC_WARN_UNINITIALIZED_AUTOS = YES_AGGRESSIVE;
				GCC_WARN_UNUSED_FUNCTION = YES;
				GCC_WARN_UNUSED_VARIABLE = YES;
				IPHONEOS_DEPLOYMENT_TARGET = 10.2;
				MTL_ENABLE_DEBUG_INFO = YES;
				ONLY_ACTIVE_ARCH = YES;
				SDKROOT = iphoneos;
				TARGETED_DEVICE_FAMILY = "1,2";
			};
			name = Debug;
		};
		B856A5051E6359270070AB4D /* Release */ = {
			isa = XCBuildConfiguration;
			buildSettings = {
				ALWAYS_SEARCH_USER_PATHS = NO;
				CLANG_ANALYZER_NONNULL = YES;
				CLANG_CXX_LANGUAGE_STANDARD = "gnu++0x";
				CLANG_CXX_LIBRARY = "libc++";
				CLANG_ENABLE_MODULES = YES;
				CLANG_ENABLE_OBJC_ARC = YES;
				CLANG_WARN_BOOL_CONVERSION = YES;
				CLANG_WARN_CONSTANT_CONVERSION = YES;
				CLANG_WARN_DIRECT_OBJC_ISA_USAGE = YES_ERROR;
				CLANG_WARN_DOCUMENTATION_COMMENTS = YES;
				CLANG_WARN_EMPTY_BODY = YES;
				CLANG_WARN_ENUM_CONVERSION = YES;
				CLANG_WARN_INFINITE_RECURSION = YES;
				CLANG_WARN_INT_CONVERSION = YES;
				CLANG_WARN_OBJC_ROOT_CLASS = YES_ERROR;
				CLANG_WARN_SUSPICIOUS_MOVE = YES;
				CLANG_WARN_UNREACHABLE_CODE = YES;
				CLANG_WARN__DUPLICATE_METHOD_MATCH = YES;
				"CODE_SIGN_IDENTITY[sdk=iphoneos*]" = "iPhone Developer";
				COPY_PHASE_STRIP = NO;
				DEBUG_INFORMATION_FORMAT = "dwarf-with-dsym";
				ENABLE_NS_ASSERTIONS = NO;
				ENABLE_STRICT_OBJC_MSGSEND = YES;
				GCC_C_LANGUAGE_STANDARD = gnu99;
				GCC_NO_COMMON_BLOCKS = YES;
				GCC_WARN_64_TO_32_BIT_CONVERSION = YES;
				GCC_WARN_ABOUT_RETURN_TYPE = YES_ERROR;
				GCC_WARN_UNDECLARED_SELECTOR = YES;
				GCC_WARN_UNINITIALIZED_AUTOS = YES_AGGRESSIVE;
				GCC_WARN_UNUSED_FUNCTION = YES;
				GCC_WARN_UNUSED_VARIABLE = YES;
				IPHONEOS_DEPLOYMENT_TARGET = 10.2;
				MTL_ENABLE_DEBUG_INFO = NO;
				SDKROOT = iphoneos;
				TARGETED_DEVICE_FAMILY = "1,2";
				VALIDATE_PRODUCT = YES;
			};
			name = Release;
		};
		B856A5071E6359270070AB4D /* Debug */ = {
			isa = XCBuildConfiguration;
			baseConfigurationReference = C4F0F9E49FBF97A041AE60C2 /* Pods-FlickAPS.debug.xcconfig */;
			buildSettings = {
				ASSETCATALOG_COMPILER_APPICON_NAME = AppIcon;
				"CODE_SIGN_IDENTITY[sdk=iphoneos*]" = "iPhone Developer";
				DEVELOPMENT_TEAM = "";
				HEADER_SEARCH_PATHS = (
					"$(inherited)",
					"\"${PODS_ROOT}/Headers/Public\"",
				);
				INFOPLIST_FILE = FlickAPS/Info.plist;
				LD_RUNPATH_SEARCH_PATHS = "$(inherited) @executable_path/Frameworks";
				LIBRARY_SEARCH_PATHS = (
					"$(inherited)",
					"$(PROJECT_DIR)/build/Debug-iphoneos/AFNetworking",
					"$(PROJECT_DIR)/build/Debug-iphoneos/FlickrKit",
					"$(PROJECT_DIR)/build/Debug-iphoneos/objectiveflickr",
					"$(PROJECT_DIR)/build/Debug-iphoneos/SDWebImage",
					"$(PROJECT_DIR)/build/Debug-iphoneos/FLAnimatedImage",
					"$(PROJECT_DIR)/build/Debug-iphoneos/NYTPhotoViewer",
					"$(PROJECT_DIR)/build/Debug-iphoneos/ASBPlayerScrubbing",
					"$(PROJECT_DIR)/build/Debug-iphoneos/ASMediaFocusManager",
				);
				PRODUCT_BUNDLE_IDENTIFIER = com.unnamed.FlickAPS;
				PRODUCT_NAME = "$(TARGET_NAME)";
			};
			name = Debug;
		};
		B856A5081E6359270070AB4D /* Release */ = {
			isa = XCBuildConfiguration;
			baseConfigurationReference = C98AFA42036009B0DF4A83CD /* Pods-FlickAPS.release.xcconfig */;
			buildSettings = {
				ASSETCATALOG_COMPILER_APPICON_NAME = AppIcon;
				"CODE_SIGN_IDENTITY[sdk=iphoneos*]" = "iPhone Developer";
				DEVELOPMENT_TEAM = "";
				HEADER_SEARCH_PATHS = (
					"$(inherited)",
					"\"${PODS_ROOT}/Headers/Public\"",
				);
				INFOPLIST_FILE = FlickAPS/Info.plist;
				LD_RUNPATH_SEARCH_PATHS = "$(inherited) @executable_path/Frameworks";
				LIBRARY_SEARCH_PATHS = (
					"$(inherited)",
					"$(PROJECT_DIR)/build/Debug-iphoneos/AFNetworking",
					"$(PROJECT_DIR)/build/Debug-iphoneos/FlickrKit",
					"$(PROJECT_DIR)/build/Debug-iphoneos/objectiveflickr",
					"$(PROJECT_DIR)/build/Debug-iphoneos/SDWebImage",
					"$(PROJECT_DIR)/build/Debug-iphoneos/FLAnimatedImage",
					"$(PROJECT_DIR)/build/Debug-iphoneos/NYTPhotoViewer",
					"$(PROJECT_DIR)/build/Debug-iphoneos/ASBPlayerScrubbing",
					"$(PROJECT_DIR)/build/Debug-iphoneos/ASMediaFocusManager",
				);
				PRODUCT_BUNDLE_IDENTIFIER = com.unnamed.FlickAPS;
				PRODUCT_NAME = "$(TARGET_NAME)";
			};
			name = Release;
		};
		B856A50A1E6359270070AB4D /* Debug */ = {
			isa = XCBuildConfiguration;
			buildSettings = {
				BUNDLE_LOADER = "$(TEST_HOST)";
				INFOPLIST_FILE = FlickAPSTests/Info.plist;
				LD_RUNPATH_SEARCH_PATHS = "$(inherited) @executable_path/Frameworks @loader_path/Frameworks";
				PRODUCT_BUNDLE_IDENTIFIER = com.unnamed.FlickAPSTests;
				PRODUCT_NAME = "$(TARGET_NAME)";
				TEST_HOST = "$(BUILT_PRODUCTS_DIR)/FlickAPS.app/FlickAPS";
			};
			name = Debug;
		};
		B856A50B1E6359270070AB4D /* Release */ = {
			isa = XCBuildConfiguration;
			buildSettings = {
				BUNDLE_LOADER = "$(TEST_HOST)";
				INFOPLIST_FILE = FlickAPSTests/Info.plist;
				LD_RUNPATH_SEARCH_PATHS = "$(inherited) @executable_path/Frameworks @loader_path/Frameworks";
				PRODUCT_BUNDLE_IDENTIFIER = com.unnamed.FlickAPSTests;
				PRODUCT_NAME = "$(TARGET_NAME)";
				TEST_HOST = "$(BUILT_PRODUCTS_DIR)/FlickAPS.app/FlickAPS";
			};
			name = Release;
		};
		B856A50D1E6359270070AB4D /* Debug */ = {
			isa = XCBuildConfiguration;
			buildSettings = {
				INFOPLIST_FILE = FlickAPSUITests/Info.plist;
				LD_RUNPATH_SEARCH_PATHS = "$(inherited) @executable_path/Frameworks @loader_path/Frameworks";
				PRODUCT_BUNDLE_IDENTIFIER = com.unnamed.FlickAPSUITests;
				PRODUCT_NAME = "$(TARGET_NAME)";
				TEST_TARGET_NAME = FlickAPS;
			};
			name = Debug;
		};
		B856A50E1E6359270070AB4D /* Release */ = {
			isa = XCBuildConfiguration;
			buildSettings = {
				INFOPLIST_FILE = FlickAPSUITests/Info.plist;
				LD_RUNPATH_SEARCH_PATHS = "$(inherited) @executable_path/Frameworks @loader_path/Frameworks";
				PRODUCT_BUNDLE_IDENTIFIER = com.unnamed.FlickAPSUITests;
				PRODUCT_NAME = "$(TARGET_NAME)";
				TEST_TARGET_NAME = FlickAPS;
			};
			name = Release;
		};
/* End XCBuildConfiguration section */

/* Begin XCConfigurationList section */
		B856A4D41E6359260070AB4D /* Build configuration list for PBXProject "FlickAPS" */ = {
			isa = XCConfigurationList;
			buildConfigurations = (
				B856A5041E6359270070AB4D /* Debug */,
				B856A5051E6359270070AB4D /* Release */,
			);
			defaultConfigurationIsVisible = 0;
			defaultConfigurationName = Release;
		};
		B856A5061E6359270070AB4D /* Build configuration list for PBXNativeTarget "FlickAPS" */ = {
			isa = XCConfigurationList;
			buildConfigurations = (
				B856A5071E6359270070AB4D /* Debug */,
				B856A5081E6359270070AB4D /* Release */,
			);
			defaultConfigurationIsVisible = 0;
			defaultConfigurationName = Release;
		};
		B856A5091E6359270070AB4D /* Build configuration list for PBXNativeTarget "FlickAPSTests" */ = {
			isa = XCConfigurationList;
			buildConfigurations = (
				B856A50A1E6359270070AB4D /* Debug */,
				B856A50B1E6359270070AB4D /* Release */,
			);
			defaultConfigurationIsVisible = 0;
			defaultConfigurationName = Release;
		};
		B856A50C1E6359270070AB4D /* Build configuration list for PBXNativeTarget "FlickAPSUITests" */ = {
			isa = XCConfigurationList;
			buildConfigurations = (
				B856A50D1E6359270070AB4D /* Debug */,
				B856A50E1E6359270070AB4D /* Release */,
			);
			defaultConfigurationIsVisible = 0;
			defaultConfigurationName = Release;
		};
/* End XCConfigurationList section */
	};
	rootObject = B856A4D11E6359260070AB4D /* Project object */;
}
